// !$*UTF8*$!
{
	archiveVersion = 1;
	classes = {
	};
	objectVersion = 77;
	objects = {

/* Begin PBXBuildFile section */
		0A2B2C64412CCD64193D9794 /* AppDelegate.swift in Sources */ = {isa = PBXBuildFile; fileRef = 0C888BB2BC4AF2A2D0D29F2B /* AppDelegate.swift */; };
		0D5D814015082DCD7B96B77A /* RecordingEngine.swift in Sources */ = {isa = PBXBuildFile; fileRef = C53CD6450FB0629FD1F746AA /* RecordingEngine.swift */; };
		0EABD8A3B39F2124D60184F3 /* AudioMixer.swift in Sources */ = {isa = PBXBuildFile; fileRef = CDDBB91B013FB9A9C400FF52 /* AudioMixer.swift */; };
		1228A3C6EFFEDD1C73387B3F /* CaptureSourcePicker.swift in Sources */ = {isa = PBXBuildFile; fileRef = 952C5D02E00EDF324E71D805 /* CaptureSourcePicker.swift */; };
		142EC8B6AB099D35E27603BB /* WebcamLatch.swift in Sources */ = {isa = PBXBuildFile; fileRef = E277B8B233DD000A456E4F77 /* WebcamLatch.swift */; };
		19DEB44CFC0179EFF59055B4 /* RecordingConfig.swift in Sources */ = {isa = PBXBuildFile; fileRef = 36981FE07863ED0AD3AAECDF /* RecordingConfig.swift */; };
		1C7F99CEC17DF67D6699AEC6 /* CountdownOverlay.swift in Sources */ = {isa = PBXBuildFile; fileRef = 8E84D2B9965D1067CB20372A /* CountdownOverlay.swift */; };
		1E1227D7722A64252E1FACCD /* HotKeyManager.swift in Sources */ = {isa = PBXBuildFile; fileRef = BA9D55C40715FCBB010B8C39 /* HotKeyManager.swift */; };
		2C62451B77899EF342405B46 /* MenuBarController.swift in Sources */ = {isa = PBXBuildFile; fileRef = D3FFBE5F4C3FEA1155ADF7F8 /* MenuBarController.swift */; };
		3D79A33B9CB32F2D0F33994A /* PostRecordingPanel.swift in Sources */ = {isa = PBXBuildFile; fileRef = FEC04938A41B50AE35F5E23E /* PostRecordingPanel.swift */; };
		41CBA58FCE240BFF1E2B929B /* ScreenCaptureAccess.swift in Sources */ = {isa = PBXBuildFile; fileRef = 428EFA84E8EB971C70518711 /* ScreenCaptureAccess.swift */; };
		44AD3629F1095DEBFC471515 /* RecordingConfigView.swift in Sources */ = {isa = PBXBuildFile; fileRef = 6BDC41C8EAC411AA9A413DE4 /* RecordingConfigView.swift */; };
		52966E3CD888E6308801551E /* RegionSelector.swift in Sources */ = {isa = PBXBuildFile; fileRef = 5F90F3EE912A87BE0F94DE54 /* RegionSelector.swift */; };
		554BD81723CE0793F405B211 /* RecordingMeta.swift in Sources */ = {isa = PBXBuildFile; fileRef = B6E85F002B5A0C5858CE8F31 /* RecordingMeta.swift */; };
		6199BEEDF814D398FA6FD372 /* CoordinateConversionTests.swift in Sources */ = {isa = PBXBuildFile; fileRef = DAE2A5A3CFE406165C090024 /* CoordinateConversionTests.swift */; };
		6DA58E669844E67C96673EA1 /* MainWindow.swift in Sources */ = {isa = PBXBuildFile; fileRef = 51CC1ABF9C43A8D467BA8BAA /* MainWindow.swift */; };
		7A49770B87D642143002B853 /* KeyboardShortcuts in Frameworks */ = {isa = PBXBuildFile; productRef = 093F86DA9D2CF99AF571B081 /* KeyboardShortcuts */; };
		81E18DD2E8697C10A90C8DF7 /* Assets.xcassets in Resources */ = {isa = PBXBuildFile; fileRef = 3A22E3D986C1E35BC5512EAC /* Assets.xcassets */; };
		859FD00DEA03CAFA1B568FBE /* LocalLoomApp.swift in Sources */ = {isa = PBXBuildFile; fileRef = 77A6BAB317D84A7467D09B8E /* LocalLoomApp.swift */; };
		8DA3470B028A5B85A6180D5E /* CoordinateConversion.swift in Sources */ = {isa = PBXBuildFile; fileRef = A21E2BEE2D31C955A7A9E773 /* CoordinateConversion.swift */; };
		8F419BFF678EAAC42566BDC3 /* RecordingStore.swift in Sources */ = {isa = PBXBuildFile; fileRef = EF9919A6A565EE7B3E444117 /* RecordingStore.swift */; };
		96449F1B43FFAADC55DC3F9B /* WriterFinalizationTests.swift in Sources */ = {isa = PBXBuildFile; fileRef = B4B1914D21021711A22EA644 /* WriterFinalizationTests.swift */; };
		97FACCD63983C256D7CD4E38 /* RecordingStoreTests.swift in Sources */ = {isa = PBXBuildFile; fileRef = 6FB7820B3297402009DEC057 /* RecordingStoreTests.swift */; };
		9DD07D2F6172762ABE639B72 /* Compositor.swift in Sources */ = {isa = PBXBuildFile; fileRef = 028C0B73361F4DA81C9D120D /* Compositor.swift */; };
		B575AF3185441A9B1901EECD /* FloatingControlPill.swift in Sources */ = {isa = PBXBuildFile; fileRef = 897F7687CBAB8BB3355A3CE6 /* FloatingControlPill.swift */; };
		BC426267FD79D9A0D0A9266E /* AudioMixerTests.swift in Sources */ = {isa = PBXBuildFile; fileRef = F2B3053D8773540155260F7A /* AudioMixerTests.swift */; };
		C34ED6BA90CAFE290F45642D /* WebcamPreviewView.swift in Sources */ = {isa = PBXBuildFile; fileRef = 6D82FC70299EA6BEE3CD2C06 /* WebcamPreviewView.swift */; };
		DBA705FCFA1794FD07B25C67 /* PipelineTeardownTests.swift in Sources */ = {isa = PBXBuildFile; fileRef = 4ABFC411334E9AFAFFAF5F9A /* PipelineTeardownTests.swift */; };
		EE1EA92C79B83C1FD7E41135 /* MetaJSONValidationTests.swift in Sources */ = {isa = PBXBuildFile; fileRef = 1878B8FD35EE64DDB3F76AAB /* MetaJSONValidationTests.swift */; };
		FFF4BFA5BF166E3089F9D393 /* GalleryView.swift in Sources */ = {isa = PBXBuildFile; fileRef = 926A72CFDB0CE7E117484C08 /* GalleryView.swift */; };
/* End PBXBuildFile section */

/* Begin PBXContainerItemProxy section */
		2ED18999FF0CB2B688F53469 /* PBXContainerItemProxy */ = {
			isa = PBXContainerItemProxy;
			containerPortal = B966493E555E730587BF8FB7 /* Project object */;
			proxyType = 1;
			remoteGlobalIDString = 529CDA30B15CB166E766A2DF;
			remoteInfo = LocalLoom;
		};
		D48A681886D57FEEB32DEF86 /* PBXContainerItemProxy */ = {
			isa = PBXContainerItemProxy;
			containerPortal = B966493E555E730587BF8FB7 /* Project object */;
			proxyType = 1;
			remoteGlobalIDString = 529CDA30B15CB166E766A2DF;
			remoteInfo = LocalLoom;
		};
/* End PBXContainerItemProxy section */

/* Begin PBXFileReference section */
		028C0B73361F4DA81C9D120D /* Compositor.swift */ = {isa = PBXFileReference; lastKnownFileType = sourcecode.swift; path = Compositor.swift; sourceTree = "<group>"; };
		0C888BB2BC4AF2A2D0D29F2B /* AppDelegate.swift */ = {isa = PBXFileReference; lastKnownFileType = sourcecode.swift; path = AppDelegate.swift; sourceTree = "<group>"; };
		1878B8FD35EE64DDB3F76AAB /* MetaJSONValidationTests.swift */ = {isa = PBXFileReference; lastKnownFileType = sourcecode.swift; path = MetaJSONValidationTests.swift; sourceTree = "<group>"; };
		1BE41A9A0A730E9E75544998 /* Info.plist */ = {isa = PBXFileReference; lastKnownFileType = text.plist; path = Info.plist; sourceTree = "<group>"; };
		2149D505CA4B9FFFD2A20937 /* LocalLoomIntegrationTests.xctest */ = {isa = PBXFileReference; explicitFileType = wrapper.cfbundle; includeInIndex = 0; path = LocalLoomIntegrationTests.xctest; sourceTree = BUILT_PRODUCTS_DIR; };
		36981FE07863ED0AD3AAECDF /* RecordingConfig.swift */ = {isa = PBXFileReference; lastKnownFileType = sourcecode.swift; path = RecordingConfig.swift; sourceTree = "<group>"; };
		3A22E3D986C1E35BC5512EAC /* Assets.xcassets */ = {isa = PBXFileReference; lastKnownFileType = folder.assetcatalog; path = Assets.xcassets; sourceTree = "<group>"; };
		428EFA84E8EB971C70518711 /* ScreenCaptureAccess.swift */ = {isa = PBXFileReference; lastKnownFileType = sourcecode.swift; path = ScreenCaptureAccess.swift; sourceTree = "<group>"; };
		4ABFC411334E9AFAFFAF5F9A /* PipelineTeardownTests.swift */ = {isa = PBXFileReference; lastKnownFileType = sourcecode.swift; path = PipelineTeardownTests.swift; sourceTree = "<group>"; };
		51CC1ABF9C43A8D467BA8BAA /* MainWindow.swift */ = {isa = PBXFileReference; lastKnownFileType = sourcecode.swift; path = MainWindow.swift; sourceTree = "<group>"; };
		5F90F3EE912A87BE0F94DE54 /* RegionSelector.swift */ = {isa = PBXFileReference; lastKnownFileType = sourcecode.swift; path = RegionSelector.swift; sourceTree = "<group>"; };
		67F88E19E1EBD4DF83FF1E41 /* LocalLoom.app */ = {isa = PBXFileReference; explicitFileType = wrapper.application; includeInIndex = 0; path = LocalLoom.app; sourceTree = BUILT_PRODUCTS_DIR; };
		6BDC41C8EAC411AA9A413DE4 /* RecordingConfigView.swift */ = {isa = PBXFileReference; lastKnownFileType = sourcecode.swift; path = RecordingConfigView.swift; sourceTree = "<group>"; };
		6D82FC70299EA6BEE3CD2C06 /* WebcamPreviewView.swift */ = {isa = PBXFileReference; lastKnownFileType = sourcecode.swift; path = WebcamPreviewView.swift; sourceTree = "<group>"; };
		6FB7820B3297402009DEC057 /* RecordingStoreTests.swift */ = {isa = PBXFileReference; lastKnownFileType = sourcecode.swift; path = RecordingStoreTests.swift; sourceTree = "<group>"; };
		77A6BAB317D84A7467D09B8E /* LocalLoomApp.swift */ = {isa = PBXFileReference; lastKnownFileType = sourcecode.swift; path = LocalLoomApp.swift; sourceTree = "<group>"; };
		7F8B78F34FD9190E5EC9FE0E /* LocalLoomTests.xctest */ = {isa = PBXFileReference; explicitFileType = wrapper.cfbundle; includeInIndex = 0; path = LocalLoomTests.xctest; sourceTree = BUILT_PRODUCTS_DIR; };
		897F7687CBAB8BB3355A3CE6 /* FloatingControlPill.swift */ = {isa = PBXFileReference; lastKnownFileType = sourcecode.swift; path = FloatingControlPill.swift; sourceTree = "<group>"; };
		8E84D2B9965D1067CB20372A /* CountdownOverlay.swift */ = {isa = PBXFileReference; lastKnownFileType = sourcecode.swift; path = CountdownOverlay.swift; sourceTree = "<group>"; };
		926A72CFDB0CE7E117484C08 /* GalleryView.swift */ = {isa = PBXFileReference; lastKnownFileType = sourcecode.swift; path = GalleryView.swift; sourceTree = "<group>"; };
		952C5D02E00EDF324E71D805 /* CaptureSourcePicker.swift */ = {isa = PBXFileReference; lastKnownFileType = sourcecode.swift; path = CaptureSourcePicker.swift; sourceTree = "<group>"; };
		A21E2BEE2D31C955A7A9E773 /* CoordinateConversion.swift */ = {isa = PBXFileReference; lastKnownFileType = sourcecode.swift; path = CoordinateConversion.swift; sourceTree = "<group>"; };
		A3BC35B859799D64C936EC43 /* LocalLoom.entitlements */ = {isa = PBXFileReference; lastKnownFileType = text.plist.entitlements; path = LocalLoom.entitlements; sourceTree = "<group>"; };
		B4B1914D21021711A22EA644 /* WriterFinalizationTests.swift */ = {isa = PBXFileReference; lastKnownFileType = sourcecode.swift; path = WriterFinalizationTests.swift; sourceTree = "<group>"; };
		B6E85F002B5A0C5858CE8F31 /* RecordingMeta.swift */ = {isa = PBXFileReference; lastKnownFileType = sourcecode.swift; path = RecordingMeta.swift; sourceTree = "<group>"; };
		BA9D55C40715FCBB010B8C39 /* HotKeyManager.swift */ = {isa = PBXFileReference; lastKnownFileType = sourcecode.swift; path = HotKeyManager.swift; sourceTree = "<group>"; };
		C53CD6450FB0629FD1F746AA /* RecordingEngine.swift */ = {isa = PBXFileReference; lastKnownFileType = sourcecode.swift; path = RecordingEngine.swift; sourceTree = "<group>"; };
		CDDBB91B013FB9A9C400FF52 /* AudioMixer.swift */ = {isa = PBXFileReference; lastKnownFileType = sourcecode.swift; path = AudioMixer.swift; sourceTree = "<group>"; };
		D3FFBE5F4C3FEA1155ADF7F8 /* MenuBarController.swift */ = {isa = PBXFileReference; lastKnownFileType = sourcecode.swift; path = MenuBarController.swift; sourceTree = "<group>"; };
		DAE2A5A3CFE406165C090024 /* CoordinateConversionTests.swift */ = {isa = PBXFileReference; lastKnownFileType = sourcecode.swift; path = CoordinateConversionTests.swift; sourceTree = "<group>"; };
		E277B8B233DD000A456E4F77 /* WebcamLatch.swift */ = {isa = PBXFileReference; lastKnownFileType = sourcecode.swift; path = WebcamLatch.swift; sourceTree = "<group>"; };
		EF9919A6A565EE7B3E444117 /* RecordingStore.swift */ = {isa = PBXFileReference; lastKnownFileType = sourcecode.swift; path = RecordingStore.swift; sourceTree = "<group>"; };
		F2B3053D8773540155260F7A /* AudioMixerTests.swift */ = {isa = PBXFileReference; lastKnownFileType = sourcecode.swift; path = AudioMixerTests.swift; sourceTree = "<group>"; };
		FEC04938A41B50AE35F5E23E /* PostRecordingPanel.swift */ = {isa = PBXFileReference; lastKnownFileType = sourcecode.swift; path = PostRecordingPanel.swift; sourceTree = "<group>"; };
/* End PBXFileReference section */

/* Begin PBXFrameworksBuildPhase section */
		F3B0F3842A55DEA6E94A4447 /* Frameworks */ = {
			isa = PBXFrameworksBuildPhase;
			buildActionMask = 2147483647;
			files = (
				7A49770B87D642143002B853 /* KeyboardShortcuts in Frameworks */,
			);
			runOnlyForDeploymentPostprocessing = 0;
		};
/* End PBXFrameworksBuildPhase section */

/* Begin PBXGroup section */
		16A118DA9A2D10E75DF14CD2 /* Products */ = {
			isa = PBXGroup;
			children = (
				67F88E19E1EBD4DF83FF1E41 /* LocalLoom.app */,
				2149D505CA4B9FFFD2A20937 /* LocalLoomIntegrationTests.xctest */,
				7F8B78F34FD9190E5EC9FE0E /* LocalLoomTests.xctest */,
			);
			name = Products;
			sourceTree = "<group>";
		};
		2622EEF54C355955F6510294 /* MainWindow */ = {
			isa = PBXGroup;
			children = (
				51CC1ABF9C43A8D467BA8BAA /* MainWindow.swift */,
			);
			path = MainWindow;
			sourceTree = "<group>";
		};
		2722849EE871B81EAB933B02 /* Gallery */ = {
			isa = PBXGroup;
			children = (
				926A72CFDB0CE7E117484C08 /* GalleryView.swift */,
			);
			path = Gallery;
			sourceTree = "<group>";
		};
		28331CAF4A50F71438B352A6 /* MenuBar */ = {
			isa = PBXGroup;
			children = (
				D3FFBE5F4C3FEA1155ADF7F8 /* MenuBarController.swift */,
			);
			path = MenuBar;
			sourceTree = "<group>";
		};
		305117F92308A911A333AA2E /* Shared */ = {
			isa = PBXGroup;
			children = (
				8E84D2B9965D1067CB20372A /* CountdownOverlay.swift */,
				897F7687CBAB8BB3355A3CE6 /* FloatingControlPill.swift */,
				6BDC41C8EAC411AA9A413DE4 /* RecordingConfigView.swift */,
				6D82FC70299EA6BEE3CD2C06 /* WebcamPreviewView.swift */,
			);
			path = Shared;
			sourceTree = "<group>";
		};
		4AA871A91128A76D18B7BEB9 /* App */ = {
			isa = PBXGroup;
			children = (
				0C888BB2BC4AF2A2D0D29F2B /* AppDelegate.swift */,
				77A6BAB317D84A7467D09B8E /* LocalLoomApp.swift */,
			);
			path = App;
			sourceTree = "<group>";
		};
		5AA5A65A5E0CCD2DEBC41B37 /* LocalLoom */ = {
			isa = PBXGroup;
			children = (
				1BE41A9A0A730E9E75544998 /* Info.plist */,
				A3BC35B859799D64C936EC43 /* LocalLoom.entitlements */,
				4AA871A91128A76D18B7BEB9 /* App */,
				78D97D4A44FE032CD8CC9885 /* Capture */,
				E113E4B990ED8927C4503865 /* Engine */,
				C1C1FD2EDC881A7778327842 /* Resources */,
				9344066F0FCE78D3EB3FF465 /* Storage */,
				D37E7EF878BDE29E7B94B477 /* UI */,
			);
			path = LocalLoom;
			sourceTree = "<group>";
		};
		78D97D4A44FE032CD8CC9885 /* Capture */ = {
			isa = PBXGroup;
			children = (
				952C5D02E00EDF324E71D805 /* CaptureSourcePicker.swift */,
				BA9D55C40715FCBB010B8C39 /* HotKeyManager.swift */,
				5F90F3EE912A87BE0F94DE54 /* RegionSelector.swift */,
				428EFA84E8EB971C70518711 /* ScreenCaptureAccess.swift */,
			);
			path = Capture;
			sourceTree = "<group>";
		};
		8127EAA9964B1F11775D37E8 /* PostRecording */ = {
			isa = PBXGroup;
			children = (
				FEC04938A41B50AE35F5E23E /* PostRecordingPanel.swift */,
			);
			path = PostRecording;
			sourceTree = "<group>";
		};
		9344066F0FCE78D3EB3FF465 /* Storage */ = {
			isa = PBXGroup;
			children = (
				B6E85F002B5A0C5858CE8F31 /* RecordingMeta.swift */,
				EF9919A6A565EE7B3E444117 /* RecordingStore.swift */,
			);
			path = Storage;
			sourceTree = "<group>";
		};
		C1C1FD2EDC881A7778327842 /* Resources */ = {
			isa = PBXGroup;
			children = (
				3A22E3D986C1E35BC5512EAC /* Assets.xcassets */,
			);
			path = Resources;
			sourceTree = "<group>";
		};
		D37E7EF878BDE29E7B94B477 /* UI */ = {
			isa = PBXGroup;
			children = (
				2722849EE871B81EAB933B02 /* Gallery */,
				2622EEF54C355955F6510294 /* MainWindow */,
				28331CAF4A50F71438B352A6 /* MenuBar */,
				8127EAA9964B1F11775D37E8 /* PostRecording */,
				305117F92308A911A333AA2E /* Shared */,
			);
			path = UI;
			sourceTree = "<group>";
		};
		D8F33EE333C6BE83535C1966 = {
			isa = PBXGroup;
			children = (
				5AA5A65A5E0CCD2DEBC41B37 /* LocalLoom */,
				E76977A1608DC23D42AD82E5 /* LocalLoomIntegrationTests */,
				E28C256158EFA77461BD7626 /* LocalLoomTests */,
				16A118DA9A2D10E75DF14CD2 /* Products */,
			);
			sourceTree = "<group>";
		};
		E113E4B990ED8927C4503865 /* Engine */ = {
			isa = PBXGroup;
			children = (
				CDDBB91B013FB9A9C400FF52 /* AudioMixer.swift */,
				028C0B73361F4DA81C9D120D /* Compositor.swift */,
				A21E2BEE2D31C955A7A9E773 /* CoordinateConversion.swift */,
				36981FE07863ED0AD3AAECDF /* RecordingConfig.swift */,
				C53CD6450FB0629FD1F746AA /* RecordingEngine.swift */,
				E277B8B233DD000A456E4F77 /* WebcamLatch.swift */,
			);
			path = Engine;
			sourceTree = "<group>";
		};
		E28C256158EFA77461BD7626 /* LocalLoomTests */ = {
			isa = PBXGroup;
			children = (
				F2B3053D8773540155260F7A /* AudioMixerTests.swift */,
				DAE2A5A3CFE406165C090024 /* CoordinateConversionTests.swift */,
				1878B8FD35EE64DDB3F76AAB /* MetaJSONValidationTests.swift */,
				6FB7820B3297402009DEC057 /* RecordingStoreTests.swift */,
			);
			path = LocalLoomTests;
			sourceTree = "<group>";
		};
		E76977A1608DC23D42AD82E5 /* LocalLoomIntegrationTests */ = {
			isa = PBXGroup;
			children = (
				4ABFC411334E9AFAFFAF5F9A /* PipelineTeardownTests.swift */,
				B4B1914D21021711A22EA644 /* WriterFinalizationTests.swift */,
			);
			path = LocalLoomIntegrationTests;
			sourceTree = "<group>";
		};
/* End PBXGroup section */

/* Begin PBXNativeTarget section */
		1D9E65233693912CF84E6BF0 /* LocalLoomIntegrationTests */ = {
			isa = PBXNativeTarget;
			buildConfigurationList = E36294CAE8EE9B48E6D49ACC /* Build configuration list for PBXNativeTarget "LocalLoomIntegrationTests" */;
			buildPhases = (
				50D1BD81FDF9B9684799A8CF /* Sources */,
			);
			buildRules = (
			);
			dependencies = (
				0C8B6C6102979E0707CB9D91 /* PBXTargetDependency */,
			);
			name = LocalLoomIntegrationTests;
			packageProductDependencies = (
			);
			productName = LocalLoomIntegrationTests;
			productReference = 2149D505CA4B9FFFD2A20937 /* LocalLoomIntegrationTests.xctest */;
			productType = "com.apple.product-type.bundle.unit-test";
		};
		529CDA30B15CB166E766A2DF /* LocalLoom */ = {
			isa = PBXNativeTarget;
			buildConfigurationList = C1E1675E6907084B87873067 /* Build configuration list for PBXNativeTarget "LocalLoom" */;
			buildPhases = (
				13DCAFDFA13C5FCF00FF0F81 /* Sources */,
				49A3410A2048721F7589A76C /* Resources */,
				F3B0F3842A55DEA6E94A4447 /* Frameworks */,
			);
			buildRules = (
			);
			dependencies = (
			);
			name = LocalLoom;
			packageProductDependencies = (
				093F86DA9D2CF99AF571B081 /* KeyboardShortcuts */,
			);
			productName = LocalLoom;
			productReference = 67F88E19E1EBD4DF83FF1E41 /* LocalLoom.app */;
			productType = "com.apple.product-type.application";
		};
		9B3741929FB87FB4B1A14CDB /* LocalLoomTests */ = {
			isa = PBXNativeTarget;
			buildConfigurationList = BCE303B6FD99317DF250188B /* Build configuration list for PBXNativeTarget "LocalLoomTests" */;
			buildPhases = (
				52F83030A558CBE44324483D /* Sources */,
			);
			buildRules = (
			);
			dependencies = (
				1016920AAC7189BDF7874B35 /* PBXTargetDependency */,
			);
			name = LocalLoomTests;
			packageProductDependencies = (
			);
			productName = LocalLoomTests;
			productReference = 7F8B78F34FD9190E5EC9FE0E /* LocalLoomTests.xctest */;
			productType = "com.apple.product-type.bundle.unit-test";
		};
/* End PBXNativeTarget section */

/* Begin PBXProject section */
		B966493E555E730587BF8FB7 /* Project object */ = {
			isa = PBXProject;
			attributes = {
				BuildIndependentTargetsInParallel = YES;
				LastUpgradeCheck = 1600;
				TargetAttributes = {
					1D9E65233693912CF84E6BF0 = {
						DevelopmentTeam = X93VLP8U9X;
						ProvisioningStyle = Manual;
					};
					529CDA30B15CB166E766A2DF = {
						DevelopmentTeam = X93VLP8U9X;
						ProvisioningStyle = Manual;
					};
					9B3741929FB87FB4B1A14CDB = {
						DevelopmentTeam = X93VLP8U9X;
						ProvisioningStyle = Manual;
					};
				};
			};
			buildConfigurationList = E3A2E7C8C2CC1F69631F25A6 /* Build configuration list for PBXProject "LocalLoom" */;
			developmentRegion = en;
			hasScannedForEncodings = 0;
			knownRegions = (
				Base,
				en,
			);
			mainGroup = D8F33EE333C6BE83535C1966;
			minimizedProjectReferenceProxies = 1;
			packageReferences = (
				3FF5F643020C8F7B7EB7716B /* XCRemoteSwiftPackageReference "KeyboardShortcuts" */,
			);
			preferredProjectObjectVersion = 77;
			productRefGroup = 16A118DA9A2D10E75DF14CD2 /* Products */;
			projectDirPath = "";
			projectRoot = "";
			targets = (
				529CDA30B15CB166E766A2DF /* LocalLoom */,
				9B3741929FB87FB4B1A14CDB /* LocalLoomTests */,
				1D9E65233693912CF84E6BF0 /* LocalLoomIntegrationTests */,
			);
		};
/* End PBXProject section */

/* Begin PBXResourcesBuildPhase section */
		49A3410A2048721F7589A76C /* Resources */ = {
			isa = PBXResourcesBuildPhase;
			buildActionMask = 2147483647;
			files = (
				81E18DD2E8697C10A90C8DF7 /* Assets.xcassets in Resources */,
			);
			runOnlyForDeploymentPostprocessing = 0;
		};
/* End PBXResourcesBuildPhase section */

/* Begin PBXSourcesBuildPhase section */
		13DCAFDFA13C5FCF00FF0F81 /* Sources */ = {
			isa = PBXSourcesBuildPhase;
			buildActionMask = 2147483647;
			files = (
				0A2B2C64412CCD64193D9794 /* AppDelegate.swift in Sources */,
				0EABD8A3B39F2124D60184F3 /* AudioMixer.swift in Sources */,
				1228A3C6EFFEDD1C73387B3F /* CaptureSourcePicker.swift in Sources */,
				9DD07D2F6172762ABE639B72 /* Compositor.swift in Sources */,
				8DA3470B028A5B85A6180D5E /* CoordinateConversion.swift in Sources */,
				1C7F99CEC17DF67D6699AEC6 /* CountdownOverlay.swift in Sources */,
				B575AF3185441A9B1901EECD /* FloatingControlPill.swift in Sources */,
				FFF4BFA5BF166E3089F9D393 /* GalleryView.swift in Sources */,
				1E1227D7722A64252E1FACCD /* HotKeyManager.swift in Sources */,
				859FD00DEA03CAFA1B568FBE /* LocalLoomApp.swift in Sources */,
				6DA58E669844E67C96673EA1 /* MainWindow.swift in Sources */,
				2C62451B77899EF342405B46 /* MenuBarController.swift in Sources */,
				3D79A33B9CB32F2D0F33994A /* PostRecordingPanel.swift in Sources */,
				19DEB44CFC0179EFF59055B4 /* RecordingConfig.swift in Sources */,
				44AD3629F1095DEBFC471515 /* RecordingConfigView.swift in Sources */,
				0D5D814015082DCD7B96B77A /* RecordingEngine.swift in Sources */,
				554BD81723CE0793F405B211 /* RecordingMeta.swift in Sources */,
				8F419BFF678EAAC42566BDC3 /* RecordingStore.swift in Sources */,
				52966E3CD888E6308801551E /* RegionSelector.swift in Sources */,
				41CBA58FCE240BFF1E2B929B /* ScreenCaptureAccess.swift in Sources */,
				142EC8B6AB099D35E27603BB /* WebcamLatch.swift in Sources */,
				C34ED6BA90CAFE290F45642D /* WebcamPreviewView.swift in Sources */,
			);
			runOnlyForDeploymentPostprocessing = 0;
		};
		50D1BD81FDF9B9684799A8CF /* Sources */ = {
			isa = PBXSourcesBuildPhase;
			buildActionMask = 2147483647;
			files = (
				DBA705FCFA1794FD07B25C67 /* PipelineTeardownTests.swift in Sources */,
				96449F1B43FFAADC55DC3F9B /* WriterFinalizationTests.swift in Sources */,
			);
			runOnlyForDeploymentPostprocessing = 0;
		};
		52F83030A558CBE44324483D /* Sources */ = {
			isa = PBXSourcesBuildPhase;
			buildActionMask = 2147483647;
			files = (
				BC426267FD79D9A0D0A9266E /* AudioMixerTests.swift in Sources */,
				6199BEEDF814D398FA6FD372 /* CoordinateConversionTests.swift in Sources */,
				EE1EA92C79B83C1FD7E41135 /* MetaJSONValidationTests.swift in Sources */,
				97FACCD63983C256D7CD4E38 /* RecordingStoreTests.swift in Sources */,
			);
			runOnlyForDeploymentPostprocessing = 0;
		};
/* End PBXSourcesBuildPhase section */

/* Begin PBXTargetDependency section */
		0C8B6C6102979E0707CB9D91 /* PBXTargetDependency */ = {
			isa = PBXTargetDependency;
			target = 529CDA30B15CB166E766A2DF /* LocalLoom */;
			targetProxy = 2ED18999FF0CB2B688F53469 /* PBXContainerItemProxy */;
		};
		1016920AAC7189BDF7874B35 /* PBXTargetDependency */ = {
			isa = PBXTargetDependency;
			target = 529CDA30B15CB166E766A2DF /* LocalLoom */;
			targetProxy = D48A681886D57FEEB32DEF86 /* PBXContainerItemProxy */;
		};
/* End PBXTargetDependency section */

/* Begin XCBuildConfiguration section */
		56D823A50959E33110A9AC07 /* Release */ = {
			isa = XCBuildConfiguration;
			buildSettings = {
				BUNDLE_LOADER = "$(TEST_HOST)";
				CODE_SIGN_IDENTITY = F0E68E2139D99E40A51186407C21E70CC3E43060;
				CODE_SIGN_STYLE = Manual;
				COMBINE_HIDPI_IMAGES = YES;
				DEVELOPMENT_TEAM = X93VLP8U9X;
				GENERATE_INFOPLIST_FILE = YES;
				LD_RUNPATH_SEARCH_PATHS = (
					"$(inherited)",
					"@executable_path/../Frameworks",
					"@loader_path/../Frameworks",
				);
				PRODUCT_BUNDLE_IDENTIFIER = com.localloom.integrationtests;
				SDKROOT = macosx;
				TEST_HOST = "$(BUILT_PRODUCTS_DIR)/LocalLoom.app/Contents/MacOS/LocalLoom";
			};
			name = Release;
		};
		673EFE0C007A4C978B48B053 /* Debug */ = {
			isa = XCBuildConfiguration;
			buildSettings = {
				BUNDLE_LOADER = "$(TEST_HOST)";
				CODE_SIGN_IDENTITY = F0E68E2139D99E40A51186407C21E70CC3E43060;
				CODE_SIGN_STYLE = Manual;
				COMBINE_HIDPI_IMAGES = YES;
				DEVELOPMENT_TEAM = X93VLP8U9X;
				GENERATE_INFOPLIST_FILE = YES;
				LD_RUNPATH_SEARCH_PATHS = (
					"$(inherited)",
					"@executable_path/../Frameworks",
					"@loader_path/../Frameworks",
				);
				PRODUCT_BUNDLE_IDENTIFIER = com.localloom.integrationtests;
				SDKROOT = macosx;
				TEST_HOST = "$(BUILT_PRODUCTS_DIR)/LocalLoom.app/Contents/MacOS/LocalLoom";
			};
			name = Debug;
		};
		774AF6E17634E2A27BFB263B /* Debug */ = {
			isa = XCBuildConfiguration;
			buildSettings = {
				ALWAYS_SEARCH_USER_PATHS = NO;
				CLANG_ANALYZER_NONNULL = YES;
				CLANG_ANALYZER_NUMBER_OBJECT_CONVERSION = YES_AGGRESSIVE;
				CLANG_CXX_LANGUAGE_STANDARD = "gnu++14";
				CLANG_CXX_LIBRARY = "libc++";
				CLANG_ENABLE_MODULES = YES;
				CLANG_ENABLE_OBJC_ARC = YES;
				CLANG_ENABLE_OBJC_WEAK = YES;
				CLANG_WARN_BLOCK_CAPTURE_AUTORELEASING = YES;
				CLANG_WARN_BOOL_CONVERSION = YES;
				CLANG_WARN_COMMA = YES;
				CLANG_WARN_CONSTANT_CONVERSION = YES;
				CLANG_WARN_DEPRECATED_OBJC_IMPLEMENTATIONS = YES;
				CLANG_WARN_DIRECT_OBJC_ISA_USAGE = YES_ERROR;
				CLANG_WARN_DOCUMENTATION_COMMENTS = YES;
				CLANG_WARN_EMPTY_BODY = YES;
				CLANG_WARN_ENUM_CONVERSION = YES;
				CLANG_WARN_INFINITE_RECURSION = YES;
				CLANG_WARN_INT_CONVERSION = YES;
				CLANG_WARN_NON_LITERAL_NULL_CONVERSION = YES;
				CLANG_WARN_OBJC_IMPLICIT_RETAIN_SELF = YES;
				CLANG_WARN_OBJC_LITERAL_CONVERSION = YES;
				CLANG_WARN_OBJC_ROOT_CLASS = YES_ERROR;
				CLANG_WARN_QUOTED_INCLUDE_IN_FRAMEWORK_HEADER = YES;
				CLANG_WARN_RANGE_LOOP_ANALYSIS = YES;
				CLANG_WARN_STRICT_PROTOTYPES = YES;
				CLANG_WARN_SUSPICIOUS_MOVE = YES;
				CLANG_WARN_UNGUARDED_AVAILABILITY = YES_AGGRESSIVE;
				CLANG_WARN_UNREACHABLE_CODE = YES;
				CLANG_WARN__DUPLICATE_METHOD_MATCH = YES;
				CODE_SIGN_IDENTITY = "Apple Development: sriramkasyap.m.s@gmail.com (X93VLP8U9X)";
				"CODE_SIGN_IDENTITY[sdk=macosx*]" = "Apple Development: sriramkasyap.m.s@gmail.com (X93VLP8U9X)";
				CODE_SIGN_STYLE = Manual;
				COMBINE_HIDPI_IMAGES = YES;
				COPY_PHASE_STRIP = NO;
				DEBUG_INFORMATION_FORMAT = dwarf;
				DEVELOPMENT_TEAM = X93VLP8U9X;
				ENABLE_APP_SANDBOX = NO;
				ENABLE_HARDENED_RUNTIME = YES;
				ENABLE_STRICT_OBJC_MSGSEND = YES;
				ENABLE_TESTABILITY = YES;
				GCC_C_LANGUAGE_STANDARD = gnu11;
				GCC_DYNAMIC_NO_PIC = NO;
				GCC_NO_COMMON_BLOCKS = YES;
				GCC_OPTIMIZATION_LEVEL = 0;
				GCC_PREPROCESSOR_DEFINITIONS = (
					"$(inherited)",
					"DEBUG=1",
				);
				GCC_WARN_64_TO_32_BIT_CONVERSION = YES;
				GCC_WARN_ABOUT_RETURN_TYPE = YES_ERROR;
				GCC_WARN_UNDECLARED_SELECTOR = YES;
				GCC_WARN_UNINITIALIZED_AUTOS = YES_AGGRESSIVE;
				GCC_WARN_UNUSED_FUNCTION = YES;
				GCC_WARN_UNUSED_VARIABLE = YES;
				MACOSX_DEPLOYMENT_TARGET = 15.0;
				MTL_ENABLE_DEBUG_INFO = INCLUDE_SOURCE;
				MTL_FAST_MATH = YES;
				ONLY_ACTIVE_ARCH = YES;
				PRODUCT_NAME = "$(TARGET_NAME)";
				PROVISIONING_PROFILE_SPECIFIER = "";
				SDKROOT = macosx;
				SWIFT_ACTIVE_COMPILATION_CONDITIONS = DEBUG;
				SWIFT_OPTIMIZATION_LEVEL = "-Onone";
				SWIFT_VERSION = 5.0;
			};
			name = Debug;
		};
		B7FE0AD69E0766F50CA1290D /* Release */ = {
			isa = XCBuildConfiguration;
			buildSettings = {
				ALWAYS_SEARCH_USER_PATHS = NO;
				CLANG_ANALYZER_NONNULL = YES;
				CLANG_ANALYZER_NUMBER_OBJECT_CONVERSION = YES_AGGRESSIVE;
				CLANG_CXX_LANGUAGE_STANDARD = "gnu++14";
				CLANG_CXX_LIBRARY = "libc++";
				CLANG_ENABLE_MODULES = YES;
				CLANG_ENABLE_OBJC_ARC = YES;
				CLANG_ENABLE_OBJC_WEAK = YES;
				CLANG_WARN_BLOCK_CAPTURE_AUTORELEASING = YES;
				CLANG_WARN_BOOL_CONVERSION = YES;
				CLANG_WARN_COMMA = YES;
				CLANG_WARN_CONSTANT_CONVERSION = YES;
				CLANG_WARN_DEPRECATED_OBJC_IMPLEMENTATIONS = YES;
				CLANG_WARN_DIRECT_OBJC_ISA_USAGE = YES_ERROR;
				CLANG_WARN_DOCUMENTATION_COMMENTS = YES;
				CLANG_WARN_EMPTY_BODY = YES;
				CLANG_WARN_ENUM_CONVERSION = YES;
				CLANG_WARN_INFINITE_RECURSION = YES;
				CLANG_WARN_INT_CONVERSION = YES;
				CLANG_WARN_NON_LITERAL_NULL_CONVERSION = YES;
				CLANG_WARN_OBJC_IMPLICIT_RETAIN_SELF = YES;
				CLANG_WARN_OBJC_LITERAL_CONVERSION = YES;
				CLANG_WARN_OBJC_ROOT_CLASS = YES_ERROR;
				CLANG_WARN_QUOTED_INCLUDE_IN_FRAMEWORK_HEADER = YES;
				CLANG_WARN_RANGE_LOOP_ANALYSIS = YES;
				CLANG_WARN_STRICT_PROTOTYPES = YES;
				CLANG_WARN_SUSPICIOUS_MOVE = YES;
				CLANG_WARN_UNGUARDED_AVAILABILITY = YES_AGGRESSIVE;
				CLANG_WARN_UNREACHABLE_CODE = YES;
				CLANG_WARN__DUPLICATE_METHOD_MATCH = YES;
				CODE_SIGN_IDENTITY = "Apple Development: sriramkasyap.m.s@gmail.com (X93VLP8U9X)";
				"CODE_SIGN_IDENTITY[sdk=macosx*]" = "Apple Development: sriramkasyap.m.s@gmail.com (X93VLP8U9X)";
				CODE_SIGN_STYLE = Manual;
				COMBINE_HIDPI_IMAGES = YES;
				COPY_PHASE_STRIP = NO;
				DEBUG_INFORMATION_FORMAT = "dwarf-with-dsym";
				DEVELOPMENT_TEAM = X93VLP8U9X;
				ENABLE_APP_SANDBOX = NO;
				ENABLE_HARDENED_RUNTIME = YES;
				ENABLE_NS_ASSERTIONS = NO;
				ENABLE_STRICT_OBJC_MSGSEND = YES;
				GCC_C_LANGUAGE_STANDARD = gnu11;
				GCC_NO_COMMON_BLOCKS = YES;
				GCC_WARN_64_TO_32_BIT_CONVERSION = YES;
				GCC_WARN_ABOUT_RETURN_TYPE = YES_ERROR;
				GCC_WARN_UNDECLARED_SELECTOR = YES;
				GCC_WARN_UNINITIALIZED_AUTOS = YES_AGGRESSIVE;
				GCC_WARN_UNUSED_FUNCTION = YES;
				GCC_WARN_UNUSED_VARIABLE = YES;
				MACOSX_DEPLOYMENT_TARGET = 15.0;
				MTL_ENABLE_DEBUG_INFO = NO;
				MTL_FAST_MATH = YES;
				PRODUCT_NAME = "$(TARGET_NAME)";
				PROVISIONING_PROFILE_SPECIFIER = "";
				SDKROOT = macosx;
				SWIFT_COMPILATION_MODE = wholemodule;
				SWIFT_OPTIMIZATION_LEVEL = "-O";
				SWIFT_VERSION = 5.0;
			};
			name = Release;
		};
		BE8B5548281C70A9BC2FE201 /* Release */ = {
			isa = XCBuildConfiguration;
			buildSettings = {
				ASSETCATALOG_COMPILER_APPICON_NAME = AppIcon;
				CODE_SIGN_ENTITLEMENTS = LocalLoom/LocalLoom.entitlements;
				CODE_SIGN_IDENTITY = F0E68E2139D99E40A51186407C21E70CC3E43060;
				CODE_SIGN_STYLE = Manual;
				COMBINE_HIDPI_IMAGES = YES;
				CURRENT_PROJECT_VERSION = 1;
				DEVELOPMENT_TEAM = X93VLP8U9X;
				ENABLE_APP_SANDBOX = NO;
				ENABLE_HARDENED_RUNTIME = YES;
				GENERATE_INFOPLIST_FILE = NO;
				INFOPLIST_FILE = LocalLoom/Info.plist;
				LD_RUNPATH_SEARCH_PATHS = "@executable_path/../Frameworks";
				MARKETING_VERSION = 0.1.0;
				PRODUCT_BUNDLE_IDENTIFIER = com.localloom.app;
				PRODUCT_NAME = LocalLoom;
				SDKROOT = macosx;
				SWIFT_STRICT_CONCURRENCY = complete;
			};
			name = Release;
		};
		C8B001EDB1724A89CBDC5F42 /* Debug */ = {
			isa = XCBuildConfiguration;
			buildSettings = {
				ASSETCATALOG_COMPILER_APPICON_NAME = AppIcon;
				CODE_SIGN_ENTITLEMENTS = LocalLoom/LocalLoom.entitlements;
				CODE_SIGN_IDENTITY = F0E68E2139D99E40A51186407C21E70CC3E43060;
				CODE_SIGN_STYLE = Manual;
				COMBINE_HIDPI_IMAGES = YES;
				CURRENT_PROJECT_VERSION = 1;
				DEVELOPMENT_TEAM = X93VLP8U9X;
				ENABLE_APP_SANDBOX = NO;
				ENABLE_HARDENED_RUNTIME = YES;
				GENERATE_INFOPLIST_FILE = NO;
				INFOPLIST_FILE = LocalLoom/Info.plist;
				LD_RUNPATH_SEARCH_PATHS = "@executable_path/../Frameworks";
				MARKETING_VERSION = 0.1.0;
				PRODUCT_BUNDLE_IDENTIFIER = com.localloom.app;
				PRODUCT_NAME = LocalLoom;
				SDKROOT = macosx;
				SWIFT_STRICT_CONCURRENCY = complete;
			};
			name = Debug;
		};
		CBEEA3E69D23608560F0FD0C /* Debug */ = {
			isa = XCBuildConfiguration;
			buildSettings = {
				BUNDLE_LOADER = "$(TEST_HOST)";
				CODE_SIGN_IDENTITY = F0E68E2139D99E40A51186407C21E70CC3E43060;
				CODE_SIGN_STYLE = Manual;
				COMBINE_HIDPI_IMAGES = YES;
				DEVELOPMENT_TEAM = X93VLP8U9X;
				GENERATE_INFOPLIST_FILE = YES;
				LD_RUNPATH_SEARCH_PATHS = (
					"$(inherited)",
					"@executable_path/../Frameworks",
					"@loader_path/../Frameworks",
				);
				PRODUCT_BUNDLE_IDENTIFIER = com.localloom.tests;
				SDKROOT = macosx;
				TEST_HOST = "$(BUILT_PRODUCTS_DIR)/LocalLoom.app/Contents/MacOS/LocalLoom";
			};
			name = Debug;
		};
		F8E338636A1DE2E556A2E89E /* Release */ = {
			isa = XCBuildConfiguration;
			buildSettings = {
				BUNDLE_LOADER = "$(TEST_HOST)";
				CODE_SIGN_IDENTITY = F0E68E2139D99E40A51186407C21E70CC3E43060;
				CODE_SIGN_STYLE = Manual;
				COMBINE_HIDPI_IMAGES = YES;
				DEVELOPMENT_TEAM = X93VLP8U9X;
				GENERATE_INFOPLIST_FILE = YES;
				LD_RUNPATH_SEARCH_PATHS = (
					"$(inherited)",
					"@executable_path/../Frameworks",
					"@loader_path/../Frameworks",
				);
				PRODUCT_BUNDLE_IDENTIFIER = com.localloom.tests;
				SDKROOT = macosx;
				TEST_HOST = "$(BUILT_PRODUCTS_DIR)/LocalLoom.app/Contents/MacOS/LocalLoom";
			};
			name = Release;
		};
/* End XCBuildConfiguration section */

/* Begin XCConfigurationList section */
		BCE303B6FD99317DF250188B /* Build configuration list for PBXNativeTarget "LocalLoomTests" */ = {
			isa = XCConfigurationList;
			buildConfigurations = (
				CBEEA3E69D23608560F0FD0C /* Debug */,
				F8E338636A1DE2E556A2E89E /* Release */,
			);
			defaultConfigurationIsVisible = 0;
			defaultConfigurationName = Debug;
		};
		C1E1675E6907084B87873067 /* Build configuration list for PBXNativeTarget "LocalLoom" */ = {
			isa = XCConfigurationList;
			buildConfigurations = (
				C8B001EDB1724A89CBDC5F42 /* Debug */,
				BE8B5548281C70A9BC2FE201 /* Release */,
			);
			defaultConfigurationIsVisible = 0;
			defaultConfigurationName = Debug;
		};
		E36294CAE8EE9B48E6D49ACC /* Build configuration list for PBXNativeTarget "LocalLoomIntegrationTests" */ = {
			isa = XCConfigurationList;
			buildConfigurations = (
				673EFE0C007A4C978B48B053 /* Debug */,
				56D823A50959E33110A9AC07 /* Release */,
			);
			defaultConfigurationIsVisible = 0;
			defaultConfigurationName = Debug;
		};
		E3A2E7C8C2CC1F69631F25A6 /* Build configuration list for PBXProject "LocalLoom" */ = {
			isa = XCConfigurationList;
			buildConfigurations = (
				774AF6E17634E2A27BFB263B /* Debug */,
				B7FE0AD69E0766F50CA1290D /* Release */,
			);
			defaultConfigurationIsVisible = 0;
			defaultConfigurationName = Debug;
		};
/* End XCConfigurationList section */

/* Begin XCRemoteSwiftPackageReference section */
		3FF5F643020C8F7B7EB7716B /* XCRemoteSwiftPackageReference "KeyboardShortcuts" */ = {
			isa = XCRemoteSwiftPackageReference;
			repositoryURL = "https://github.com/sindresorhus/KeyboardShortcuts";
			requirement = {
				kind = upToNextMajorVersion;
				minimumVersion = 2.0.0;
			};
		};
/* End XCRemoteSwiftPackageReference section */

/* Begin XCSwiftPackageProductDependency section */
		093F86DA9D2CF99AF571B081 /* KeyboardShortcuts */ = {
			isa = XCSwiftPackageProductDependency;
			package = 3FF5F643020C8F7B7EB7716B /* XCRemoteSwiftPackageReference "KeyboardShortcuts" */;
			productName = KeyboardShortcuts;
		};
/* End XCSwiftPackageProductDependency section */
	};
	rootObject = B966493E555E730587BF8FB7 /* Project object */;
}
